
Microsoft Visual Studio Solution File, Format Version 12.00
# Visual Studio Version 16
VisualStudioVersion = 16.0.28729.10
MinimumVisualStudioVersion = 10.0.40219.1
Project("{FAE04EC0-301F-11D3-BF4B-00C04F79EFBC}") = "SpeedOutput", "SpeedOutput\SpeedOutput.csproj", "{B9ADE913-2F47-4ED4-BDC4-D3280562BE0D}"
EndProject
Global
	GlobalSection(SolutionConfigurationPlatforms) = preSolution
		Debug|Any CPU = Debug|Any CPU
		Debug|x64 = Debug|x64
		Release|Any CPU = Release|Any CPU
		Release|x64 = Release|x64
	EndGlobalSection
	GlobalSection(ProjectConfigurationPlatforms) = postSolution
		{B9ADE913-2F47-4ED4-BDC4-D3280562BE0D}.Debug|Any CPU.ActiveCfg = Debug|Any CPU
		{B9ADE913-2F47-4ED4-BDC4-D3280562BE0D}.Debug|Any CPU.Build.0 = Debug|Any CPU
		{B9ADE913-2F47-4ED4-BDC4-D3280562BE0D}.Debug|x64.ActiveCfg = Debug|x64
		{B9ADE913-2F47-4ED4-BDC4-D3280562BE0D}.Debug|x64.Build.0 = Debug|x64
		{B9ADE913-2F47-4ED4-BDC4-D3280562BE0D}.Release|Any CPU.ActiveCfg = Release|Any CPU
		{B9ADE913-2F47-4ED4-BDC4-D3280562BE0D}.Release|Any CPU.Build.0 = Release|Any CPU
		{B9ADE913-2F47-4ED4-BDC4-D3280562BE0D}.Release|x64.ActiveCfg = Release|x64
		{B9ADE913-2F47-4ED4-BDC4-D3280562BE0D}.Release|x64.Build.0 = Release|x64
	EndGlobalSection
	GlobalSection(SolutionProperties) = preSolution
		HideSolutionNode = FALSE
	EndGlobalSection
	GlobalSection(ExtensibilityGlobals) = postSolution
		SolutionGuid = {5AE65DBD-1060-437D-9D54-1C8D43E3EBA0}
	EndGlobalSection
EndGlobal
